// !$*UTF8*$!
{
	archiveVersion = 1;
	classes = {
	};
	objectVersion = 50;
	objects = {

/* Begin PBXBuildFile section */
		1C546DFF5F2B12A40EAD9F43 /* Pods_FaceTouchRecognition.framework in Frameworks */ = {isa = PBXBuildFile; fileRef = 859D0E9FF0064CBE44B1EED9 /* Pods_FaceTouchRecognition.framework */; };
		84CA797D22ADABE900B32F7E /* AppDelegate.swift in Sources */ = {isa = PBXBuildFile; fileRef = 84CA797C22ADABE900B32F7E /* AppDelegate.swift */; };
		84CA798422ADABEA00B32F7E /* Assets.xcassets in Resources */ = {isa = PBXBuildFile; fileRef = 84CA798322ADABEA00B32F7E /* Assets.xcassets */; };
		84CA798722ADABEA00B32F7E /* LaunchScreen.storyboard in Resources */ = {isa = PBXBuildFile; fileRef = 84CA798522ADABEA00B32F7E /* LaunchScreen.storyboard */; };
		84CA798F22ADB70C00B32F7E /* LoginViewController.swift in Sources */ = {isa = PBXBuildFile; fileRef = 84CA798E22ADB70C00B32F7E /* LoginViewController.swift */; };
		84CA799122ADC40100B32F7E /* LoginViewModel.swift in Sources */ = {isa = PBXBuildFile; fileRef = 84CA799022ADC40100B32F7E /* LoginViewModel.swift */; };
		84CA799322ADC44400B32F7E /* UserManager.swift in Sources */ = {isa = PBXBuildFile; fileRef = 84CA799222ADC44400B32F7E /* UserManager.swift */; };
		84CA799522ADC55B00B32F7E /* UIViewExt.swift in Sources */ = {isa = PBXBuildFile; fileRef = 84CA799422ADC55B00B32F7E /* UIViewExt.swift */; };
		84CA799722ADC8D400B32F7E /* MainViewController.swift in Sources */ = {isa = PBXBuildFile; fileRef = 84CA799622ADC8D400B32F7E /* MainViewController.swift */; };
/* End PBXBuildFile section */

/* Begin PBXFileReference section */
		01620A8E1EABA3C594DC8312 /* Pods-FaceTouchRecognition.debug.xcconfig */ = {isa = PBXFileReference; includeInIndex = 1; lastKnownFileType = text.xcconfig; name = "Pods-FaceTouchRecognition.debug.xcconfig"; path = "Target Support Files/Pods-FaceTouchRecognition/Pods-FaceTouchRecognition.debug.xcconfig"; sourceTree = "<group>"; };
		184877EF87B0753FE036D88F /* Pods-FaceTouchRecognition.release.xcconfig */ = {isa = PBXFileReference; includeInIndex = 1; lastKnownFileType = text.xcconfig; name = "Pods-FaceTouchRecognition.release.xcconfig"; path = "Target Support Files/Pods-FaceTouchRecognition/Pods-FaceTouchRecognition.release.xcconfig"; sourceTree = "<group>"; };
		84CA797922ADABE900B32F7E /* FaceTouchRecognition.app */ = {isa = PBXFileReference; explicitFileType = wrapper.application; includeInIndex = 0; path = FaceTouchRecognition.app; sourceTree = BUILT_PRODUCTS_DIR; };
		84CA797C22ADABE900B32F7E /* AppDelegate.swift */ = {isa = PBXFileReference; lastKnownFileType = sourcecode.swift; path = AppDelegate.swift; sourceTree = "<group>"; };
		84CA798322ADABEA00B32F7E /* Assets.xcassets */ = {isa = PBXFileReference; lastKnownFileType = folder.assetcatalog; path = Assets.xcassets; sourceTree = "<group>"; };
		84CA798622ADABEA00B32F7E /* Base */ = {isa = PBXFileReference; lastKnownFileType = file.storyboard; name = Base; path = Base.lproj/LaunchScreen.storyboard; sourceTree = "<group>"; };
		84CA798822ADABEA00B32F7E /* Info.plist */ = {isa = PBXFileReference; lastKnownFileType = text.plist.xml; path = Info.plist; sourceTree = "<group>"; };
		84CA798E22ADB70C00B32F7E /* LoginViewController.swift */ = {isa = PBXFileReference; lastKnownFileType = sourcecode.swift; path = LoginViewController.swift; sourceTree = "<group>"; };
		84CA799022ADC40100B32F7E /* LoginViewModel.swift */ = {isa = PBXFileReference; lastKnownFileType = sourcecode.swift; path = LoginViewModel.swift; sourceTree = "<group>"; };
		84CA799222ADC44400B32F7E /* UserManager.swift */ = {isa = PBXFileReference; lastKnownFileType = sourcecode.swift; path = UserManager.swift; sourceTree = "<group>"; };
		84CA799422ADC55B00B32F7E /* UIViewExt.swift */ = {isa = PBXFileReference; lastKnownFileType = sourcecode.swift; path = UIViewExt.swift; sourceTree = "<group>"; };
		84CA799622ADC8D400B32F7E /* MainViewController.swift */ = {isa = PBXFileReference; lastKnownFileType = sourcecode.swift; path = MainViewController.swift; sourceTree = "<group>"; };
		859D0E9FF0064CBE44B1EED9 /* Pods_FaceTouchRecognition.framework */ = {isa = PBXFileReference; explicitFileType = wrapper.framework; includeInIndex = 0; path = Pods_FaceTouchRecognition.framework; sourceTree = BUILT_PRODUCTS_DIR; };
/* End PBXFileReference section */

/* Begin PBXFrameworksBuildPhase section */
		84CA797622ADABE900B32F7E /* Frameworks */ = {
			isa = PBXFrameworksBuildPhase;
			buildActionMask = 2147483647;
			files = (
				1C546DFF5F2B12A40EAD9F43 /* Pods_FaceTouchRecognition.framework in Frameworks */,
			);
			runOnlyForDeploymentPostprocessing = 0;
		};
/* End PBXFrameworksBuildPhase section */

/* Begin PBXGroup section */
		84CA797022ADABE900B32F7E = {
			isa = PBXGroup;
			children = (
				84CA797B22ADABE900B32F7E /* FaceTouchRecognition */,
				84CA797A22ADABE900B32F7E /* Products */,
				B93928EBC46BAD08FB4D9FA3 /* Pods */,
				9197E0D7AAB6784D38A26D68 /* Frameworks */,
			);
			sourceTree = "<group>";
		};
		84CA797A22ADABE900B32F7E /* Products */ = {
			isa = PBXGroup;
			children = (
				84CA797922ADABE900B32F7E /* FaceTouchRecognition.app */,
			);
			name = Products;
			sourceTree = "<group>";
		};
		84CA797B22ADABE900B32F7E /* FaceTouchRecognition */ = {
			isa = PBXGroup;
			children = (
				84CA797C22ADABE900B32F7E /* AppDelegate.swift */,
				84CA798322ADABEA00B32F7E /* Assets.xcassets */,
				84CA798522ADABEA00B32F7E /* LaunchScreen.storyboard */,
				84CA798822ADABEA00B32F7E /* Info.plist */,
				84CA798E22ADB70C00B32F7E /* LoginViewController.swift */,
				84CA799022ADC40100B32F7E /* LoginViewModel.swift */,
				84CA799222ADC44400B32F7E /* UserManager.swift */,
				84CA799422ADC55B00B32F7E /* UIViewExt.swift */,
				84CA799622ADC8D400B32F7E /* MainViewController.swift */,
			);
			path = FaceTouchRecognition;
			sourceTree = "<group>";
		};
		9197E0D7AAB6784D38A26D68 /* Frameworks */ = {
			isa = PBXGroup;
			children = (
				859D0E9FF0064CBE44B1EED9 /* Pods_FaceTouchRecognition.framework */,
			);
			name = Frameworks;
			sourceTree = "<group>";
		};
		B93928EBC46BAD08FB4D9FA3 /* Pods */ = {
			isa = PBXGroup;
			children = (
				01620A8E1EABA3C594DC8312 /* Pods-FaceTouchRecognition.debug.xcconfig */,
				184877EF87B0753FE036D88F /* Pods-FaceTouchRecognition.release.xcconfig */,
			);
			path = Pods;
			sourceTree = "<group>";
		};
/* End PBXGroup section */

/* Begin PBXNativeTarget section */
		84CA797822ADABE900B32F7E /* FaceTouchRecognition */ = {
			isa = PBXNativeTarget;
			buildConfigurationList = 84CA798B22ADABEA00B32F7E /* Build configuration list for PBXNativeTarget "FaceTouchRecognition" */;
			buildPhases = (
				08511C902390982B0F1D6DE5 /* [CP] Check Pods Manifest.lock */,
				84CA797522ADABE900B32F7E /* Sources */,
				84CA797622ADABE900B32F7E /* Frameworks */,
				84CA797722ADABE900B32F7E /* Resources */,
				A7D16A46E57AC1C1F38CF34F /* [CP] Embed Pods Frameworks */,
			);
			buildRules = (
			);
			dependencies = (
			);
			name = FaceTouchRecognition;
			productName = FaceTouchRecognition;
			productReference = 84CA797922ADABE900B32F7E /* FaceTouchRecognition.app */;
			productType = "com.apple.product-type.application";
		};
/* End PBXNativeTarget section */

/* Begin PBXProject section */
		84CA797122ADABE900B32F7E /* Project object */ = {
			isa = PBXProject;
			attributes = {
				LastSwiftUpdateCheck = 1020;
				LastUpgradeCheck = 1020;
				ORGANIZATIONNAME = ParanoidWacko;
				TargetAttributes = {
					84CA797822ADABE900B32F7E = {
						CreatedOnToolsVersion = 10.2.1;
					};
				};
			};
			buildConfigurationList = 84CA797422ADABE900B32F7E /* Build configuration list for PBXProject "FaceTouchRecognition" */;
			compatibilityVersion = "Xcode 9.3";
			developmentRegion = en;
			hasScannedForEncodings = 0;
			knownRegions = (
				en,
				Base,
			);
			mainGroup = 84CA797022ADABE900B32F7E;
			productRefGroup = 84CA797A22ADABE900B32F7E /* Products */;
			projectDirPath = "";
			projectRoot = "";
			targets = (
				84CA797822ADABE900B32F7E /* FaceTouchRecognition */,
			);
		};
/* End PBXProject section */

/* Begin PBXResourcesBuildPhase section */
		84CA797722ADABE900B32F7E /* Resources */ = {
			isa = PBXResourcesBuildPhase;
			buildActionMask = 2147483647;
			files = (
				84CA798722ADABEA00B32F7E /* LaunchScreen.storyboard in Resources */,
				84CA798422ADABEA00B32F7E /* Assets.xcassets in Resources */,
			);
			runOnlyForDeploymentPostprocessing = 0;
		};
/* End PBXResourcesBuildPhase section */

/* Begin PBXShellScriptBuildPhase section */
		08511C902390982B0F1D6DE5 /* [CP] Check Pods Manifest.lock */ = {
			isa = PBXShellScriptBuildPhase;
			buildActionMask = 2147483647;
			files = (
			);
			inputFileListPaths = (
			);
			inputPaths = (
				"${PODS_PODFILE_DIR_PATH}/Podfile.lock",
				"${PODS_ROOT}/Manifest.lock",
			);
			name = "[CP] Check Pods Manifest.lock";
			outputFileListPaths = (
			);
			outputPaths = (
				"$(DERIVED_FILE_DIR)/Pods-FaceTouchRecognition-checkManifestLockResult.txt",
			);
			runOnlyForDeploymentPostprocessing = 0;
			shellPath = /bin/sh;
			shellScript = "diff \"${PODS_PODFILE_DIR_PATH}/Podfile.lock\" \"${PODS_ROOT}/Manifest.lock\" > /dev/null\nif [ $? != 0 ] ; then\n    # print error to STDERR\n    echo \"error: The sandbox is not in sync with the Podfile.lock. Run 'pod install' or update your CocoaPods installation.\" >&2\n    exit 1\nfi\n# This output is used by Xcode 'outputs' to avoid re-running this script phase.\necho \"SUCCESS\" > \"${SCRIPT_OUTPUT_FILE_0}\"\n";
			showEnvVarsInLog = 0;
		};
		A7D16A46E57AC1C1F38CF34F /* [CP] Embed Pods Frameworks */ = {
			isa = PBXShellScriptBuildPhase;
			buildActionMask = 2147483647;
			files = (
			);
			inputFileListPaths = (
			);
			inputPaths = (
				"${PODS_ROOT}/Target Support Files/Pods-FaceTouchRecognition/Pods-FaceTouchRecognition-frameworks.sh",
				"${BUILT_PRODUCTS_DIR}/SnapKit/SnapKit.framework",
			);
			name = "[CP] Embed Pods Frameworks";
			outputFileListPaths = (
			);
			outputPaths = (
				"${TARGET_BUILD_DIR}/${FRAMEWORKS_FOLDER_PATH}/SnapKit.framework",
			);
			runOnlyForDeploymentPostprocessing = 0;
			shellPath = /bin/sh;
			shellScript = "\"${PODS_ROOT}/Target Support Files/Pods-FaceTouchRecognition/Pods-FaceTouchRecognition-frameworks.sh\"\n";
			showEnvVarsInLog = 0;
		};
/* End PBXShellScriptBuildPhase section */

/* Begin PBXSourcesBuildPhase section */
		84CA797522ADABE900B32F7E /* Sources */ = {
			isa = PBXSourcesBuildPhase;
			buildActionMask = 2147483647;
			files = (
				84CA798F22ADB70C00B32F7E /* LoginViewController.swift in Sources */,
				84CA797D22ADABE900B32F7E /* AppDelegate.swift in Sources */,
				84CA799522ADC55B00B32F7E /* UIViewExt.swift in Sources */,
				84CA799722ADC8D400B32F7E /* MainViewController.swift in Sources */,
				84CA799322ADC44400B32F7E /* UserManager.swift in Sources */,
				84CA799122ADC40100B32F7E /* LoginViewModel.swift in Sources */,
			);
			runOnlyForDeploymentPostprocessing = 0;
		};
/* End PBXSourcesBuildPhase section */

/* Begin PBXVariantGroup section */
		84CA798522ADABEA00B32F7E /* LaunchScreen.storyboard */ = {
			isa = PBXVariantGroup;
			children = (
				84CA798622ADABEA00B32F7E /* Base */,
			);
			name = LaunchScreen.storyboard;
			sourceTree = "<group>";
		};
/* End PBXVariantGroup section */

/* Begin XCBuildConfiguration section */
		84CA798922ADABEA00B32F7E /* Debug */ = {
			isa = XCBuildConfiguration;
			buildSettings = {
				ALWAYS_SEARCH_USER_PATHS = NO;
				CLANG_ANALYZER_NONNULL = YES;
				CLANG_ANALYZER_NUMBER_OBJECT_CONVERSION = YES_AGGRESSIVE;
				CLANG_CXX_LANGUAGE_STANDARD = "gnu++14";
				CLANG_CXX_LIBRARY = "libc++";
				CLANG_ENABLE_MODULES = YES;
				CLANG_ENABLE_OBJC_ARC = YES;
				CLANG_ENABLE_OBJC_WEAK = YES;
				CLANG_WARN_BLOCK_CAPTURE_AUTORELEASING = YES;
				CLANG_WARN_BOOL_CONVERSION = YES;
				CLANG_WARN_COMMA = YES;
				CLANG_WARN_CONSTANT_CONVERSION = YES;
				CLANG_WARN_DEPRECATED_OBJC_IMPLEMENTATIONS = YES;
				CLANG_WARN_DIRECT_OBJC_ISA_USAGE = YES_ERROR;
				CLANG_WARN_DOCUMENTATION_COMMENTS = YES;
				CLANG_WARN_EMPTY_BODY = YES;
				CLANG_WARN_ENUM_CONVERSION = YES;
				CLANG_WARN_INFINITE_RECURSION = YES;
				CLANG_WARN_INT_CONVERSION = YES;
				CLANG_WARN_NON_LITERAL_NULL_CONVERSION = YES;
				CLANG_WARN_OBJC_IMPLICIT_RETAIN_SELF = YES;
				CLANG_WARN_OBJC_LITERAL_CONVERSION = YES;
				CLANG_WARN_OBJC_ROOT_CLASS = YES_ERROR;
				CLANG_WARN_RANGE_LOOP_ANALYSIS = YES;
				CLANG_WARN_STRICT_PROTOTYPES = YES;
				CLANG_WARN_SUSPICIOUS_MOVE = YES;
				CLANG_WARN_UNGUARDED_AVAILABILITY = YES_AGGRESSIVE;
				CLANG_WARN_UNREACHABLE_CODE = YES;
				CLANG_WARN__DUPLICATE_METHOD_MATCH = YES;
				CODE_SIGN_IDENTITY = "iPhone Developer";
				COPY_PHASE_STRIP = NO;
				DEBUG_INFORMATION_FORMAT = dwarf;
				ENABLE_STRICT_OBJC_MSGSEND = YES;
				ENABLE_TESTABILITY = YES;
				GCC_C_LANGUAGE_STANDARD = gnu11;
				GCC_DYNAMIC_NO_PIC = NO;
				GCC_NO_COMMON_BLOCKS = YES;
				GCC_OPTIMIZATION_LEVEL = 0;
				GCC_PREPROCESSOR_DEFINITIONS = (
					"DEBUG=1",
					"$(inherited)",
				);
				GCC_WARN_64_TO_32_BIT_CONVERSION = YES;
				GCC_WARN_ABOUT_RETURN_TYPE = YES_ERROR;
				GCC_WARN_UNDECLARED_SELECTOR = YES;
				GCC_WARN_UNINITIALIZED_AUTOS = YES_AGGRESSIVE;
				GCC_WARN_UNUSED_FUNCTION = YES;
				GCC_WARN_UNUSED_VARIABLE = YES;
				IPHONEOS_DEPLOYMENT_TARGET = 12.2;
				MTL_ENABLE_DEBUG_INFO = INCLUDE_SOURCE;
				MTL_FAST_MATH = YES;
				ONLY_ACTIVE_ARCH = YES;
				SDKROOT = iphoneos;
				SWIFT_ACTIVE_COMPILATION_CONDITIONS = DEBUG;
				SWIFT_OPTIMIZATION_LEVEL = "-Onone";
			};
			name = Debug;
		};
		84CA798A22ADABEA00B32F7E /* Release */ = {
			isa = XCBuildConfiguration;
			buildSettings = {
				ALWAYS_SEARCH_USER_PATHS = NO;
				CLANG_ANALYZER_NONNULL = YES;
				CLANG_ANALYZER_NUMBER_OBJECT_CONVERSION = YES_AGGRESSIVE;
				CLANG_CXX_LANGUAGE_STANDARD = "gnu++14";
				CLANG_CXX_LIBRARY = "libc++";
				CLANG_ENABLE_MODULES = YES;
				CLANG_ENABLE_OBJC_ARC = YES;
				CLANG_ENABLE_OBJC_WEAK = YES;
				CLANG_WARN_BLOCK_CAPTURE_AUTORELEASING = YES;
				CLANG_WARN_BOOL_CONVERSION = YES;
				CLANG_WARN_COMMA = YES;
				CLANG_WARN_CONSTANT_CONVERSION = YES;
				CLANG_WARN_DEPRECATED_OBJC_IMPLEMENTATIONS = YES;
				CLANG_WARN_DIRECT_OBJC_ISA_USAGE = YES_ERROR;
				CLANG_WARN_DOCUMENTATION_COMMENTS = YES;
				CLANG_WARN_EMPTY_BODY = YES;
				CLANG_WARN_ENUM_CONVERSION = YES;
				CLANG_WARN_INFINITE_RECURSION = YES;
				CLANG_WARN_INT_CONVERSION = YES;
				CLANG_WARN_NON_LITERAL_NULL_CONVERSION = YES;
				CLANG_WARN_OBJC_IMPLICIT_RETAIN_SELF = YES;
				CLANG_WARN_OBJC_LITERAL_CONVERSION = YES;
				CLANG_WARN_OBJC_ROOT_CLASS = YES_ERROR;
				CLANG_WARN_RANGE_LOOP_ANALYSIS = YES;
				CLANG_WARN_STRICT_PROTOTYPES = YES;
				CLANG_WARN_SUSPICIOUS_MOVE = YES;
				CLANG_WARN_UNGUARDED_AVAILABILITY = YES_AGGRESSIVE;
				CLANG_WARN_UNREACHABLE_CODE = YES;
				CLANG_WARN__DUPLICATE_METHOD_MATCH = YES;
				CODE_SIGN_IDENTITY = "iPhone Developer";
				COPY_PHASE_STRIP = NO;
				DEBUG_INFORMATION_FORMAT = "dwarf-with-dsym";
				ENABLE_NS_ASSERTIONS = NO;
				ENABLE_STRICT_OBJC_MSGSEND = YES;
				GCC_C_LANGUAGE_STANDARD = gnu11;
				GCC_NO_COMMON_BLOCKS = YES;
				GCC_WARN_64_TO_32_BIT_CONVERSION = YES;
				GCC_WARN_ABOUT_RETURN_TYPE = YES_ERROR;
				GCC_WARN_UNDECLARED_SELECTOR = YES;
				GCC_WARN_UNINITIALIZED_AUTOS = YES_AGGRESSIVE;
				GCC_WARN_UNUSED_FUNCTION = YES;
				GCC_WARN_UNUSED_VARIABLE = YES;
				IPHONEOS_DEPLOYMENT_TARGET = 12.2;
				MTL_ENABLE_DEBUG_INFO = NO;
				MTL_FAST_MATH = YES;
				SDKROOT = iphoneos;
				SWIFT_COMPILATION_MODE = wholemodule;
				SWIFT_OPTIMIZATION_LEVEL = "-O";
				VALIDATE_PRODUCT = YES;
			};
			name = Release;
		};
		84CA798C22ADABEA00B32F7E /* Debug */ = {
			isa = XCBuildConfiguration;
			baseConfigurationReference = 01620A8E1EABA3C594DC8312 /* Pods-FaceTouchRecognition.debug.xcconfig */;
			buildSettings = {
				ASSETCATALOG_COMPILER_APPICON_NAME = AppIcon;
				CODE_SIGN_STYLE = Automatic;
				DEVELOPMENT_TEAM = F3SY488NTT;
				INFOPLIST_FILE = FaceTouchRecognition/Info.plist;
				IPHONEOS_DEPLOYMENT_TARGET = 11.1;
				LD_RUNPATH_SEARCH_PATHS = (
					"$(inherited)",
					"@executable_path/Frameworks",
				);
				PRODUCT_BUNDLE_IDENTIFIER = com.paranoidwacko.FaceTouchRecognition;
				PRODUCT_NAME = "$(TARGET_NAME)";
				SWIFT_VERSION = 5.0;
				TARGETED_DEVICE_FAMILY = "1,2";
			};
			name = Debug;
		};
		84CA798D22ADABEA00B32F7E /* Release */ = {
			isa = XCBuildConfiguration;
			baseConfigurationReference = 184877EF87B0753FE036D88F /* Pods-FaceTouchRecognition.release.xcconfig */;
			buildSettings = {
				ASSETCATALOG_COMPILER_APPICON_NAME = AppIcon;
				CODE_SIGN_STYLE = Automatic;
				DEVELOPMENT_TEAM = F3SY488NTT;
				INFOPLIST_FILE = FaceTouchRecognition/Info.plist;
				IPHONEOS_DEPLOYMENT_TARGET = 11.1;
				LD_RUNPATH_SEARCH_PATHS = (
					"$(inherited)",
					"@executable_path/Frameworks",
				);
				PRODUCT_BUNDLE_IDENTIFIER = com.paranoidwacko.FaceTouchRecognition;
				PRODUCT_NAME = "$(TARGET_NAME)";
				SWIFT_VERSION = 5.0;
				TARGETED_DEVICE_FAMILY = "1,2";
			};
			name = Release;
		};
/* End XCBuildConfiguration section */

/* Begin XCConfigurationList section */
		84CA797422ADABE900B32F7E /* Build configuration list for PBXProject "FaceTouchRecognition" */ = {
			isa = XCConfigurationList;
			buildConfigurations = (
				84CA798922ADABEA00B32F7E /* Debug */,
				84CA798A22ADABEA00B32F7E /* Release */,
			);
			defaultConfigurationIsVisible = 0;
			defaultConfigurationName = Release;
		};
		84CA798B22ADABEA00B32F7E /* Build configuration list for PBXNativeTarget "FaceTouchRecognition" */ = {
			isa = XCConfigurationList;
			buildConfigurations = (
				84CA798C22ADABEA00B32F7E /* Debug */,
				84CA798D22ADABEA00B32F7E /* Release */,
			);
			defaultConfigurationIsVisible = 0;
			defaultConfigurationName = Release;
		};
/* End XCConfigurationList section */
	};
	rootObject = 84CA797122ADABE900B32F7E /* Project object */;
}
